<?xml version="1.0" encoding="utf-8"?>
<Project ToolsVersion="4.0" xmlns="http://schemas.microsoft.com/developer/msbuild/2003">
  <ItemGroup>
    <Filter Include="Source Files">
      <UniqueIdentifier>{2db19435-2756-4820-a308-6859b1694d98}</UniqueIdentifier>
      <Extensions>cpp;c;cxx;rc;def;r;odl;idl;hpj;bat</Extensions>
    </Filter>
    <Filter Include="Header Files">
      <UniqueIdentifier>{ce5dfeff-312c-49ce-a685-e581512e2863}</UniqueIdentifier>
      <Extensions>h;hpp;hxx;hm;inl</Extensions>
    </Filter>
    <Filter Include="Resource Files">
      <UniqueIdentifier>{ef887116-0b1f-4ad8-b617-36f55690b75e}</UniqueIdentifier>
      <Extensions>ico;cur;bmp;dlg;rc2;rct;bin;rgs;gif;jpg;jpeg;jpe</Extensions>
    </Filter>
  </ItemGroup>
  <ItemGroup>
    <ClCompile Include="ButtonTab.cpp">
      <Filter>Source Files</Filter>
    </ClCompile>
    <ClCompile Include="ComboTab.cpp">
      <Filter>Source Files</Filter>
    </ClCompile>
    <ClCompile Include="DialogBuilderCallbackEx.cpp">
      <Filter>Source Files</Filter>
    </ClCompile>
    <ClCompile Include="DuiDialog.cpp">
      <Filter>Source Files</Filter>
    </ClCompile>
    <ClCompile Include="duilib_test.cpp">
      <Filter>Source Files</Filter>
    </ClCompile>
    <ClCompile Include="EditTab.cpp">
      <Filter>Source Files</Filter>
    </ClCompile>
    <ClCompile Include="ListTab.cpp">
      <Filter>Source Files</Filter>
    </ClCompile>
    <ClCompile Include="MainDialog.cpp">
      <Filter>Source Files</Filter>
    </ClCompile>
    <ClCompile Include="MyList.cpp">
      <Filter>Source Files</Filter>
    </ClCompile>
    <ClCompile Include="stdafx.cpp">
      <Filter>Source Files</Filter>
    </ClCompile>
    <ClCompile Include="TreeTab.cpp">
      <Filter>Source Files</Filter>
    </ClCompile>
    <ClCompile Include="UserDefinedComboItem.cpp">
      <Filter>Source Files</Filter>
    </ClCompile>
  </ItemGroup>
  <ItemGroup>
    <ClInclude Include="ActivexTab.h">
      <Filter>Header Files</Filter>
    </ClInclude>
    <ClInclude Include="ButtonTab.h">
      <Filter>Header Files</Filter>
    </ClInclude>
    <ClInclude Include="ComboTab.h">
      <Filter>Header Files</Filter>
    </ClInclude>
    <ClInclude Include="DialogBuilderCallbackEx.h">
      <Filter>Header Files</Filter>
    </ClInclude>
    <ClInclude Include="DuiDialog.h">
      <Filter>Header Files</Filter>
    </ClInclude>
    <ClInclude Include="duilib_test.h">
      <Filter>Header Files</Filter>
    </ClInclude>
    <ClInclude Include="EditTab.h">
      <Filter>Header Files</Filter>
    </ClInclude>
    <ClInclude Include="ListTab.h">
      <Filter>Header Files</Filter>
    </ClInclude>
    <ClInclude Include="MainDialog.h">
      <Filter>Header Files</Filter>
    </ClInclude>
    <ClInclude Include="MyList.h">
      <Filter>Header Files</Filter>
    </ClInclude>
    <ClInclude Include="Resource.h">
      <Filter>Header Files</Filter>
    </ClInclude>
    <ClInclude Include="stdafx.h">
      <Filter>Header Files</Filter>
    </ClInclude>
    <ClInclude Include="targetver.h">
      <Filter>Header Files</Filter>
    </ClInclude>
    <ClInclude Include="TreeTab.h">
      <Filter>Header Files</Filter>
    </ClInclude>
    <ClInclude Include="TreeView.h">
      <Filter>Header Files</Filter>
    </ClInclude>
    <ClInclude Include="UserDefinedComboItem.h">
      <Filter>Header Files</Filter>
    </ClInclude>
  </ItemGroup>
</Project>